Microsoft Visual Studio Solution File, Format Version 12.00
# Visual Studio Version 17
VisualStudioVersion = 17.5.2.0
MinimumVisualStudioVersion = 10.0.40219.1
Project("{FAE04EC0-301F-11D3-BF4B-00C04F79EFBC}") = "Bespoke-app-server", "Bespoke-app-server\Bespoke-app-server.csproj", "{2F27D9C0-E010-C46C-A7DC-0D121E8F1986}"
EndProject
Global
	GlobalSection(SolutionConfigurationPlatforms) = preSolution
		Debug|Any CPU = Debug|Any CPU
		Release|Any CPU = Release|Any CPU
	EndGlobalSection
	GlobalSection(ProjectConfigurationPlatforms) = postSolution
		{2F27D9C0-E010-C46C-A7DC-0D121E8F1986}.Debug|Any CPU.ActiveCfg = Debug|Any CPU
		{2F27D9C0-E010-C46C-A7DC-0D121E8F1986}.Debug|Any CPU.Build.0 = Debug|Any CPU
		{2F27D9C0-E010-C46C-A7DC-0D121E8F1986}.Release|Any CPU.ActiveCfg = Release|Any CPU
		{2F27D9C0-E010-C46C-A7DC-0D121E8F1986}.Release|Any CPU.Build.0 = Release|Any CPU
	EndGlobalSection
	GlobalSection(SolutionProperties) = preSolution
		HideSolutionNode = FALSE
	EndGlobalSection
	GlobalSection(ExtensibilityGlobals) = postSolution
		SolutionGuid = {9E708F06-1160-41E0-BFBF-793377D7E274}
	EndGlobalSection
EndGlobal
